// !$*UTF8*$!
{
	archiveVersion = 1;
	classes = {
	};
	objectVersion = 46;
	objects = {

/* Begin PBXBuildFile section */
		249E082B33C7A8A7B4A3996A /* Pods_UCLhackTravelFunUITests.framework in Frameworks */ = {isa = PBXBuildFile; fileRef = AFC1CC078361ADA23411092F /* Pods_UCLhackTravelFunUITests.framework */; };
		44281D6B1FA4C449002467A5 /* AppDelegate.swift in Sources */ = {isa = PBXBuildFile; fileRef = 44281D6A1FA4C449002467A5 /* AppDelegate.swift */; };
		44281D6D1FA4C449002467A5 /* ViewController.swift in Sources */ = {isa = PBXBuildFile; fileRef = 44281D6C1FA4C449002467A5 /* ViewController.swift */; };
		44281D701FA4C449002467A5 /* Main.storyboard in Resources */ = {isa = PBXBuildFile; fileRef = 44281D6E1FA4C449002467A5 /* Main.storyboard */; };
		44281D721FA4C449002467A5 /* Assets.xcassets in Resources */ = {isa = PBXBuildFile; fileRef = 44281D711FA4C449002467A5 /* Assets.xcassets */; };
		44281D751FA4C449002467A5 /* LaunchScreen.storyboard in Resources */ = {isa = PBXBuildFile; fileRef = 44281D731FA4C449002467A5 /* LaunchScreen.storyboard */; };
		44281D801FA4C449002467A5 /* UCLhackTravelFunTests.swift in Sources */ = {isa = PBXBuildFile; fileRef = 44281D7F1FA4C449002467A5 /* UCLhackTravelFunTests.swift */; };
		44281D8B1FA4C449002467A5 /* UCLhackTravelFunUITests.swift in Sources */ = {isa = PBXBuildFile; fileRef = 44281D8A1FA4C449002467A5 /* UCLhackTravelFunUITests.swift */; };
		44281D9A1FA4CD67002467A5 /* LocationDataView.swift in Sources */ = {isa = PBXBuildFile; fileRef = 44281D991FA4CD67002467A5 /* LocationDataView.swift */; };
		44281D9C1FA4D1B1002467A5 /* earth.png in Resources */ = {isa = PBXBuildFile; fileRef = 44281D9B1FA4D1B1002467A5 /* earth.png */; };
		44281D9E1FA53E78002467A5 /* mainfetchviewViewController.swift in Sources */ = {isa = PBXBuildFile; fileRef = 44281D9D1FA53E78002467A5 /* mainfetchviewViewController.swift */; };
		637432D6270008E165107C76 /* Pods_UCLhackTravelFunTests.framework in Frameworks */ = {isa = PBXBuildFile; fileRef = A5FD25A36860B89C58F2A07B /* Pods_UCLhackTravelFunTests.framework */; };
		A345D29AB2964F46DA8AC636 /* Pods_UCLhackTravelFun.framework in Frameworks */ = {isa = PBXBuildFile; fileRef = BF42C74FF12A1D9D9F8F8D66 /* Pods_UCLhackTravelFun.framework */; };
/* End PBXBuildFile section */

/* Begin PBXContainerItemProxy section */
		44281D7C1FA4C449002467A5 /* PBXContainerItemProxy */ = {
			isa = PBXContainerItemProxy;
			containerPortal = 44281D5F1FA4C449002467A5 /* Project object */;
			proxyType = 1;
			remoteGlobalIDString = 44281D661FA4C449002467A5;
			remoteInfo = UCLhackTravelFun;
		};
		44281D871FA4C449002467A5 /* PBXContainerItemProxy */ = {
			isa = PBXContainerItemProxy;
			containerPortal = 44281D5F1FA4C449002467A5 /* Project object */;
			proxyType = 1;
			remoteGlobalIDString = 44281D661FA4C449002467A5;
			remoteInfo = UCLhackTravelFun;
		};
/* End PBXContainerItemProxy section */

/* Begin PBXFileReference section */
		0CBE28BE761E952862EC470A /* Pods-UCLhackTravelFunUITests.release.xcconfig */ = {isa = PBXFileReference; includeInIndex = 1; lastKnownFileType = text.xcconfig; name = "Pods-UCLhackTravelFunUITests.release.xcconfig"; path = "Pods/Target Support Files/Pods-UCLhackTravelFunUITests/Pods-UCLhackTravelFunUITests.release.xcconfig"; sourceTree = "<group>"; };
		44281D671FA4C449002467A5 /* UCLhackTravelFun.app */ = {isa = PBXFileReference; explicitFileType = wrapper.application; includeInIndex = 0; path = UCLhackTravelFun.app; sourceTree = BUILT_PRODUCTS_DIR; };
		44281D6A1FA4C449002467A5 /* AppDelegate.swift */ = {isa = PBXFileReference; lastKnownFileType = sourcecode.swift; path = AppDelegate.swift; sourceTree = "<group>"; };
		44281D6C1FA4C449002467A5 /* ViewController.swift */ = {isa = PBXFileReference; lastKnownFileType = sourcecode.swift; path = ViewController.swift; sourceTree = "<group>"; };
		44281D6F1FA4C449002467A5 /* Base */ = {isa = PBXFileReference; lastKnownFileType = file.storyboard; name = Base; path = Base.lproj/Main.storyboard; sourceTree = "<group>"; };
		44281D711FA4C449002467A5 /* Assets.xcassets */ = {isa = PBXFileReference; lastKnownFileType = folder.assetcatalog; path = Assets.xcassets; sourceTree = "<group>"; };
		44281D741FA4C449002467A5 /* Base */ = {isa = PBXFileReference; lastKnownFileType = file.storyboard; name = Base; path = Base.lproj/LaunchScreen.storyboard; sourceTree = "<group>"; };
		44281D761FA4C449002467A5 /* Info.plist */ = {isa = PBXFileReference; lastKnownFileType = text.plist.xml; path = Info.plist; sourceTree = "<group>"; };
		44281D7B1FA4C449002467A5 /* UCLhackTravelFunTests.xctest */ = {isa = PBXFileReference; explicitFileType = wrapper.cfbundle; includeInIndex = 0; path = UCLhackTravelFunTests.xctest; sourceTree = BUILT_PRODUCTS_DIR; };
		44281D7F1FA4C449002467A5 /* UCLhackTravelFunTests.swift */ = {isa = PBXFileReference; lastKnownFileType = sourcecode.swift; path = UCLhackTravelFunTests.swift; sourceTree = "<group>"; };
		44281D811FA4C449002467A5 /* Info.plist */ = {isa = PBXFileReference; lastKnownFileType = text.plist.xml; path = Info.plist; sourceTree = "<group>"; };
		44281D861FA4C449002467A5 /* UCLhackTravelFunUITests.xctest */ = {isa = PBXFileReference; explicitFileType = wrapper.cfbundle; includeInIndex = 0; path = UCLhackTravelFunUITests.xctest; sourceTree = BUILT_PRODUCTS_DIR; };
		44281D8A1FA4C449002467A5 /* UCLhackTravelFunUITests.swift */ = {isa = PBXFileReference; lastKnownFileType = sourcecode.swift; path = UCLhackTravelFunUITests.swift; sourceTree = "<group>"; };
		44281D8C1FA4C449002467A5 /* Info.plist */ = {isa = PBXFileReference; lastKnownFileType = text.plist.xml; path = Info.plist; sourceTree = "<group>"; };
		44281D991FA4CD67002467A5 /* LocationDataView.swift */ = {isa = PBXFileReference; fileEncoding = 4; lastKnownFileType = sourcecode.swift; path = LocationDataView.swift; sourceTree = "<group>"; };
		44281D9B1FA4D1B1002467A5 /* earth.png */ = {isa = PBXFileReference; lastKnownFileType = image.png; path = earth.png; sourceTree = "<group>"; };
		44281D9D1FA53E78002467A5 /* mainfetchviewViewController.swift */ = {isa = PBXFileReference; fileEncoding = 4; lastKnownFileType = sourcecode.swift; path = mainfetchviewViewController.swift; sourceTree = "<group>"; };
		5034D8C6F03DB9932253ABC6 /* Pods-UCLhackTravelFun.release.xcconfig */ = {isa = PBXFileReference; includeInIndex = 1; lastKnownFileType = text.xcconfig; name = "Pods-UCLhackTravelFun.release.xcconfig"; path = "Pods/Target Support Files/Pods-UCLhackTravelFun/Pods-UCLhackTravelFun.release.xcconfig"; sourceTree = "<group>"; };
		9AE070542F95E92E97BEC4BE /* Pods-UCLhackTravelFunTests.release.xcconfig */ = {isa = PBXFileReference; includeInIndex = 1; lastKnownFileType = text.xcconfig; name = "Pods-UCLhackTravelFunTests.release.xcconfig"; path = "Pods/Target Support Files/Pods-UCLhackTravelFunTests/Pods-UCLhackTravelFunTests.release.xcconfig"; sourceTree = "<group>"; };
		A5FD25A36860B89C58F2A07B /* Pods_UCLhackTravelFunTests.framework */ = {isa = PBXFileReference; explicitFileType = wrapper.framework; includeInIndex = 0; path = Pods_UCLhackTravelFunTests.framework; sourceTree = BUILT_PRODUCTS_DIR; };
		AFC1CC078361ADA23411092F /* Pods_UCLhackTravelFunUITests.framework */ = {isa = PBXFileReference; explicitFileType = wrapper.framework; includeInIndex = 0; path = Pods_UCLhackTravelFunUITests.framework; sourceTree = BUILT_PRODUCTS_DIR; };
		B2F7286CFC75E415533FC6D6 /* Pods-UCLhackTravelFun.debug.xcconfig */ = {isa = PBXFileReference; includeInIndex = 1; lastKnownFileType = text.xcconfig; name = "Pods-UCLhackTravelFun.debug.xcconfig"; path = "Pods/Target Support Files/Pods-UCLhackTravelFun/Pods-UCLhackTravelFun.debug.xcconfig"; sourceTree = "<group>"; };
		BF42C74FF12A1D9D9F8F8D66 /* Pods_UCLhackTravelFun.framework */ = {isa = PBXFileReference; explicitFileType = wrapper.framework; includeInIndex = 0; path = Pods_UCLhackTravelFun.framework; sourceTree = BUILT_PRODUCTS_DIR; };
		C57F3DA9E20397715C440532 /* Pods-UCLhackTravelFunUITests.debug.xcconfig */ = {isa = PBXFileReference; includeInIndex = 1; lastKnownFileType = text.xcconfig; name = "Pods-UCLhackTravelFunUITests.debug.xcconfig"; path = "Pods/Target Support Files/Pods-UCLhackTravelFunUITests/Pods-UCLhackTravelFunUITests.debug.xcconfig"; sourceTree = "<group>"; };
		EB24420661317187E3530A0F /* Pods-UCLhackTravelFunTests.debug.xcconfig */ = {isa = PBXFileReference; includeInIndex = 1; lastKnownFileType = text.xcconfig; name = "Pods-UCLhackTravelFunTests.debug.xcconfig"; path = "Pods/Target Support Files/Pods-UCLhackTravelFunTests/Pods-UCLhackTravelFunTests.debug.xcconfig"; sourceTree = "<group>"; };
/* End PBXFileReference section */

/* Begin PBXFrameworksBuildPhase section */
		44281D641FA4C449002467A5 /* Frameworks */ = {
			isa = PBXFrameworksBuildPhase;
			buildActionMask = 2147483647;
			files = (
				A345D29AB2964F46DA8AC636 /* Pods_UCLhackTravelFun.framework in Frameworks */,
			);
			runOnlyForDeploymentPostprocessing = 0;
		};
		44281D781FA4C449002467A5 /* Frameworks */ = {
			isa = PBXFrameworksBuildPhase;
			buildActionMask = 2147483647;
			files = (
				637432D6270008E165107C76 /* Pods_UCLhackTravelFunTests.framework in Frameworks */,
			);
			runOnlyForDeploymentPostprocessing = 0;
		};
		44281D831FA4C449002467A5 /* Frameworks */ = {
			isa = PBXFrameworksBuildPhase;
			buildActionMask = 2147483647;
			files = (
				249E082B33C7A8A7B4A3996A /* Pods_UCLhackTravelFunUITests.framework in Frameworks */,
			);
			runOnlyForDeploymentPostprocessing = 0;
		};
/* End PBXFrameworksBuildPhase section */

/* Begin PBXGroup section */
		2331FE69CDBE01CDAED021D2 /* Frameworks */ = {
			isa = PBXGroup;
			children = (
				BF42C74FF12A1D9D9F8F8D66 /* Pods_UCLhackTravelFun.framework */,
				A5FD25A36860B89C58F2A07B /* Pods_UCLhackTravelFunTests.framework */,
				AFC1CC078361ADA23411092F /* Pods_UCLhackTravelFunUITests.framework */,
			);
			name = Frameworks;
			sourceTree = "<group>";
		};
		44281D5E1FA4C449002467A5 = {
			isa = PBXGroup;
			children = (
				44281D691FA4C449002467A5 /* UCLhackTravelFun */,
				44281D7E1FA4C449002467A5 /* UCLhackTravelFunTests */,
				44281D891FA4C449002467A5 /* UCLhackTravelFunUITests */,
				44281D681FA4C449002467A5 /* Products */,
				A7BC3AA68705B4B15D18BDA1 /* Pods */,
				2331FE69CDBE01CDAED021D2 /* Frameworks */,
			);
			sourceTree = "<group>";
		};
		44281D681FA4C449002467A5 /* Products */ = {
			isa = PBXGroup;
			children = (
				44281D671FA4C449002467A5 /* UCLhackTravelFun.app */,
				44281D7B1FA4C449002467A5 /* UCLhackTravelFunTests.xctest */,
				44281D861FA4C449002467A5 /* UCLhackTravelFunUITests.xctest */,
			);
			name = Products;
			sourceTree = "<group>";
		};
		44281D691FA4C449002467A5 /* UCLhackTravelFun */ = {
			isa = PBXGroup;
			children = (
				44281D9D1FA53E78002467A5 /* mainfetchviewViewController.swift */,
				44281D981FA4CD48002467A5 /* frontpage */,
				44281D6A1FA4C449002467A5 /* AppDelegate.swift */,
				44281D6E1FA4C449002467A5 /* Main.storyboard */,
				44281D711FA4C449002467A5 /* Assets.xcassets */,
				44281D731FA4C449002467A5 /* LaunchScreen.storyboard */,
				44281D9B1FA4D1B1002467A5 /* earth.png */,
				44281D761FA4C449002467A5 /* Info.plist */,
			);
			path = UCLhackTravelFun;
			sourceTree = "<group>";
		};
		44281D7E1FA4C449002467A5 /* UCLhackTravelFunTests */ = {
			isa = PBXGroup;
			children = (
				44281D7F1FA4C449002467A5 /* UCLhackTravelFunTests.swift */,
				44281D811FA4C449002467A5 /* Info.plist */,
			);
			path = UCLhackTravelFunTests;
			sourceTree = "<group>";
		};
		44281D891FA4C449002467A5 /* UCLhackTravelFunUITests */ = {
			isa = PBXGroup;
			children = (
				44281D8A1FA4C449002467A5 /* UCLhackTravelFunUITests.swift */,
				44281D8C1FA4C449002467A5 /* Info.plist */,
			);
			path = UCLhackTravelFunUITests;
			sourceTree = "<group>";
		};
		44281D981FA4CD48002467A5 /* frontpage */ = {
			isa = PBXGroup;
			children = (
				44281D6C1FA4C449002467A5 /* ViewController.swift */,
				44281D991FA4CD67002467A5 /* LocationDataView.swift */,
			);
			name = frontpage;
			sourceTree = "<group>";
		};
		A7BC3AA68705B4B15D18BDA1 /* Pods */ = {
			isa = PBXGroup;
			children = (
				B2F7286CFC75E415533FC6D6 /* Pods-UCLhackTravelFun.debug.xcconfig */,
				5034D8C6F03DB9932253ABC6 /* Pods-UCLhackTravelFun.release.xcconfig */,
				EB24420661317187E3530A0F /* Pods-UCLhackTravelFunTests.debug.xcconfig */,
				9AE070542F95E92E97BEC4BE /* Pods-UCLhackTravelFunTests.release.xcconfig */,
				C57F3DA9E20397715C440532 /* Pods-UCLhackTravelFunUITests.debug.xcconfig */,
				0CBE28BE761E952862EC470A /* Pods-UCLhackTravelFunUITests.release.xcconfig */,
			);
			name = Pods;
			sourceTree = "<group>";
		};
/* End PBXGroup section */

/* Begin PBXNativeTarget section */
		44281D661FA4C449002467A5 /* UCLhackTravelFun */ = {
			isa = PBXNativeTarget;
			buildConfigurationList = 44281D8F1FA4C449002467A5 /* Build configuration list for PBXNativeTarget "UCLhackTravelFun" */;
			buildPhases = (
				0D65E85836B0F4B67DCF0B97 /* [CP] Check Pods Manifest.lock */,
				44281D631FA4C449002467A5 /* Sources */,
				44281D641FA4C449002467A5 /* Frameworks */,
				44281D651FA4C449002467A5 /* Resources */,
				3A162F9F2B49723ED9EC3F50 /* [CP] Embed Pods Frameworks */,
				2EDB52EDA8B65749059E56DF /* [CP] Copy Pods Resources */,
			);
			buildRules = (
			);
			dependencies = (
			);
			name = UCLhackTravelFun;
			productName = UCLhackTravelFun;
			productReference = 44281D671FA4C449002467A5 /* UCLhackTravelFun.app */;
			productType = "com.apple.product-type.application";
		};
		44281D7A1FA4C449002467A5 /* UCLhackTravelFunTests */ = {
			isa = PBXNativeTarget;
			buildConfigurationList = 44281D921FA4C449002467A5 /* Build configuration list for PBXNativeTarget "UCLhackTravelFunTests" */;
			buildPhases = (
				91C5623AF1B94E1A3340C9EE /* [CP] Check Pods Manifest.lock */,
				44281D771FA4C449002467A5 /* Sources */,
				44281D781FA4C449002467A5 /* Frameworks */,
				44281D791FA4C449002467A5 /* Resources */,
				5B0AD6060B47FD53D074ACC6 /* [CP] Embed Pods Frameworks */,
				5366CA0E454802081FD71C48 /* [CP] Copy Pods Resources */,
			);
			buildRules = (
			);
			dependencies = (
				44281D7D1FA4C449002467A5 /* PBXTargetDependency */,
			);
			name = UCLhackTravelFunTests;
			productName = UCLhackTravelFunTests;
			productReference = 44281D7B1FA4C449002467A5 /* UCLhackTravelFunTests.xctest */;
			productType = "com.apple.product-type.bundle.unit-test";
		};
		44281D851FA4C449002467A5 /* UCLhackTravelFunUITests */ = {
			isa = PBXNativeTarget;
			buildConfigurationList = 44281D951FA4C449002467A5 /* Build configuration list for PBXNativeTarget "UCLhackTravelFunUITests" */;
			buildPhases = (
				6059FBC46FE5CF7E3CD5FBF3 /* [CP] Check Pods Manifest.lock */,
				44281D821FA4C449002467A5 /* Sources */,
				44281D831FA4C449002467A5 /* Frameworks */,
				44281D841FA4C449002467A5 /* Resources */,
				5B4DADF6B687A73C583F5436 /* [CP] Embed Pods Frameworks */,
				DAC7B199656E736392E3682A /* [CP] Copy Pods Resources */,
			);
			buildRules = (
			);
			dependencies = (
				44281D881FA4C449002467A5 /* PBXTargetDependency */,
			);
			name = UCLhackTravelFunUITests;
			productName = UCLhackTravelFunUITests;
			productReference = 44281D861FA4C449002467A5 /* UCLhackTravelFunUITests.xctest */;
			productType = "com.apple.product-type.bundle.ui-testing";
		};
/* End PBXNativeTarget section */

/* Begin PBXProject section */
		44281D5F1FA4C449002467A5 /* Project object */ = {
			isa = PBXProject;
			attributes = {
				LastSwiftUpdateCheck = 0830;
				LastUpgradeCheck = 0830;
				ORGANIZATIONNAME = "Landon Vago-Hughes";
				TargetAttributes = {
					44281D661FA4C449002467A5 = {
						CreatedOnToolsVersion = 8.3.3;
						DevelopmentTeam = JT5HQ7RT7B;
						ProvisioningStyle = Automatic;
					};
					44281D7A1FA4C449002467A5 = {
						CreatedOnToolsVersion = 8.3.3;
						DevelopmentTeam = JT5HQ7RT7B;
						ProvisioningStyle = Automatic;
						TestTargetID = 44281D661FA4C449002467A5;
					};
					44281D851FA4C449002467A5 = {
						CreatedOnToolsVersion = 8.3.3;
						DevelopmentTeam = JT5HQ7RT7B;
						ProvisioningStyle = Automatic;
						TestTargetID = 44281D661FA4C449002467A5;
					};
				};
			};
			buildConfigurationList = 44281D621FA4C449002467A5 /* Build configuration list for PBXProject "UCLhackTravelFun" */;
			compatibilityVersion = "Xcode 3.2";
			developmentRegion = English;
			hasScannedForEncodings = 0;
			knownRegions = (
				en,
				Base,
			);
			mainGroup = 44281D5E1FA4C449002467A5;
			productRefGroup = 44281D681FA4C449002467A5 /* Products */;
			projectDirPath = "";
			projectRoot = "";
			targets = (
				44281D661FA4C449002467A5 /* UCLhackTravelFun */,
				44281D7A1FA4C449002467A5 /* UCLhackTravelFunTests */,
				44281D851FA4C449002467A5 /* UCLhackTravelFunUITests */,
			);
		};
/* End PBXProject section */

/* Begin PBXResourcesBuildPhase section */
		44281D651FA4C449002467A5 /* Resources */ = {
			isa = PBXResourcesBuildPhase;
			buildActionMask = 2147483647;
			files = (
				44281D9C1FA4D1B1002467A5 /* earth.png in Resources */,
				44281D751FA4C449002467A5 /* LaunchScreen.storyboard in Resources */,
				44281D721FA4C449002467A5 /* Assets.xcassets in Resources */,
				44281D701FA4C449002467A5 /* Main.storyboard in Resources */,
			);
			runOnlyForDeploymentPostprocessing = 0;
		};
		44281D791FA4C449002467A5 /* Resources */ = {
			isa = PBXResourcesBuildPhase;
			buildActionMask = 2147483647;
			files = (
			);
			runOnlyForDeploymentPostprocessing = 0;
		};
		44281D841FA4C449002467A5 /* Resources */ = {
			isa = PBXResourcesBuildPhase;
			buildActionMask = 2147483647;
			files = (
			);
			runOnlyForDeploymentPostprocessing = 0;
		};
/* End PBXResourcesBuildPhase section */

/* Begin PBXShellScriptBuildPhase section */
		0D65E85836B0F4B67DCF0B97 /* [CP] Check Pods Manifest.lock */ = {
			isa = PBXShellScriptBuildPhase;
			buildActionMask = 2147483647;
			files = (
			);
			inputPaths = (
			);
			name = "[CP] Check Pods Manifest.lock";
			outputPaths = (
			);
			runOnlyForDeploymentPostprocessing = 0;
			shellPath = /bin/sh;
			shellScript = "diff \"${PODS_PODFILE_DIR_PATH}/Podfile.lock\" \"${PODS_ROOT}/Manifest.lock\" > /dev/null\nif [ $? != 0 ] ; then\n    # print error to STDERR\n    echo \"error: The sandbox is not in sync with the Podfile.lock. Run 'pod install' or update your CocoaPods installation.\" >&2\n    exit 1\nfi\n";
			showEnvVarsInLog = 0;
		};
		2EDB52EDA8B65749059E56DF /* [CP] Copy Pods Resources */ = {
			isa = PBXShellScriptBuildPhase;
			buildActionMask = 2147483647;
			files = (
			);
			inputPaths = (
			);
			name = "[CP] Copy Pods Resources";
			outputPaths = (
			);
			runOnlyForDeploymentPostprocessing = 0;
			shellPath = /bin/sh;
			shellScript = "\"${SRCROOT}/Pods/Target Support Files/Pods-UCLhackTravelFun/Pods-UCLhackTravelFun-resources.sh\"\n";
			showEnvVarsInLog = 0;
		};
		3A162F9F2B49723ED9EC3F50 /* [CP] Embed Pods Frameworks */ = {
			isa = PBXShellScriptBuildPhase;
			buildActionMask = 2147483647;
			files = (
			);
			inputPaths = (
			);
			name = "[CP] Embed Pods Frameworks";
			outputPaths = (
			);
			runOnlyForDeploymentPostprocessing = 0;
			shellPath = /bin/sh;
			shellScript = "\"${SRCROOT}/Pods/Target Support Files/Pods-UCLhackTravelFun/Pods-UCLhackTravelFun-frameworks.sh\"\n";
			showEnvVarsInLog = 0;
		};
		5366CA0E454802081FD71C48 /* [CP] Copy Pods Resources */ = {
			isa = PBXShellScriptBuildPhase;
			buildActionMask = 2147483647;
			files = (
			);
			inputPaths = (
			);
			name = "[CP] Copy Pods Resources";
			outputPaths = (
			);
			runOnlyForDeploymentPostprocessing = 0;
			shellPath = /bin/sh;
			shellScript = "\"${SRCROOT}/Pods/Target Support Files/Pods-UCLhackTravelFunTests/Pods-UCLhackTravelFunTests-resources.sh\"\n";
			showEnvVarsInLog = 0;
		};
		5B0AD6060B47FD53D074ACC6 /* [CP] Embed Pods Frameworks */ = {
			isa = PBXShellScriptBuildPhase;
			buildActionMask = 2147483647;
			files = (
			);
			inputPaths = (
			);
			name = "[CP] Embed Pods Frameworks";
			outputPaths = (
			);
			runOnlyForDeploymentPostprocessing = 0;
			shellPath = /bin/sh;
			shellScript = "\"${SRCROOT}/Pods/Target Support Files/Pods-UCLhackTravelFunTests/Pods-UCLhackTravelFunTests-frameworks.sh\"\n";
			showEnvVarsInLog = 0;
		};
		5B4DADF6B687A73C583F5436 /* [CP] Embed Pods Frameworks */ = {
			isa = PBXShellScriptBuildPhase;
			buildActionMask = 2147483647;
			files = (
			);
			inputPaths = (
			);
			name = "[CP] Embed Pods Frameworks";
			outputPaths = (
			);
			runOnlyForDeploymentPostprocessing = 0;
			shellPath = /bin/sh;
			shellScript = "\"${SRCROOT}/Pods/Target Support Files/Pods-UCLhackTravelFunUITests/Pods-UCLhackTravelFunUITests-frameworks.sh\"\n";
			showEnvVarsInLog = 0;
		};
		6059FBC46FE5CF7E3CD5FBF3 /* [CP] Check Pods Manifest.lock */ = {
			isa = PBXShellScriptBuildPhase;
			buildActionMask = 2147483647;
			files = (
			);
			inputPaths = (
			);
			name = "[CP] Check Pods Manifest.lock";
			outputPaths = (
			);
			runOnlyForDeploymentPostprocessing = 0;
			shellPath = /bin/sh;
			shellScript = "diff \"${PODS_PODFILE_DIR_PATH}/Podfile.lock\" \"${PODS_ROOT}/Manifest.lock\" > /dev/null\nif [ $? != 0 ] ; then\n    # print error to STDERR\n    echo \"error: The sandbox is not in sync with the Podfile.lock. Run 'pod install' or update your CocoaPods installation.\" >&2\n    exit 1\nfi\n";
			showEnvVarsInLog = 0;
		};
		91C5623AF1B94E1A3340C9EE /* [CP] Check Pods Manifest.lock */ = {
			isa = PBXShellScriptBuildPhase;
			buildActionMask = 2147483647;
			files = (
			);
			inputPaths = (
			);
			name = "[CP] Check Pods Manifest.lock";
			outputPaths = (
			);
			runOnlyForDeploymentPostprocessing = 0;
			shellPath = /bin/sh;
			shellScript = "diff \"${PODS_PODFILE_DIR_PATH}/Podfile.lock\" \"${PODS_ROOT}/Manifest.lock\" > /dev/null\nif [ $? != 0 ] ; then\n    # print error to STDERR\n    echo \"error: The sandbox is not in sync with the Podfile.lock. Run 'pod install' or update your CocoaPods installation.\" >&2\n    exit 1\nfi\n";
			showEnvVarsInLog = 0;
		};
		DAC7B199656E736392E3682A /* [CP] Copy Pods Resources */ = {
			isa = PBXShellScriptBuildPhase;
			buildActionMask = 2147483647;
			files = (
			);
			inputPaths = (
			);
			name = "[CP] Copy Pods Resources";
			outputPaths = (
			);
			runOnlyForDeploymentPostprocessing = 0;
			shellPath = /bin/sh;
			shellScript = "\"${SRCROOT}/Pods/Target Support Files/Pods-UCLhackTravelFunUITests/Pods-UCLhackTravelFunUITests-resources.sh\"\n";
			showEnvVarsInLog = 0;
		};
/* End PBXShellScriptBuildPhase section */

/* Begin PBXSourcesBuildPhase section */
		44281D631FA4C449002467A5 /* Sources */ = {
			isa = PBXSourcesBuildPhase;
			buildActionMask = 2147483647;
			files = (
				44281D6D1FA4C449002467A5 /* ViewController.swift in Sources */,
				44281D6B1FA4C449002467A5 /* AppDelegate.swift in Sources */,
				44281D9A1FA4CD67002467A5 /* LocationDataView.swift in Sources */,
				44281D9E1FA53E78002467A5 /* mainfetchviewViewController.swift in Sources */,
			);
			runOnlyForDeploymentPostprocessing = 0;
		};
		44281D771FA4C449002467A5 /* Sources */ = {
			isa = PBXSourcesBuildPhase;
			buildActionMask = 2147483647;
			files = (
				44281D801FA4C449002467A5 /* UCLhackTravelFunTests.swift in Sources */,
			);
			runOnlyForDeploymentPostprocessing = 0;
		};
		44281D821FA4C449002467A5 /* Sources */ = {
			isa = PBXSourcesBuildPhase;
			buildActionMask = 2147483647;
			files = (
				44281D8B1FA4C449002467A5 /* UCLhackTravelFunUITests.swift in Sources */,
			);
			runOnlyForDeploymentPostprocessing = 0;
		};
/* End PBXSourcesBuildPhase section */

/* Begin PBXTargetDependency section */
		44281D7D1FA4C449002467A5 /* PBXTargetDependency */ = {
			isa = PBXTargetDependency;
			target = 44281D661FA4C449002467A5 /* UCLhackTravelFun */;
			targetProxy = 44281D7C1FA4C449002467A5 /* PBXContainerItemProxy */;
		};
		44281D881FA4C449002467A5 /* PBXTargetDependency */ = {
			isa = PBXTargetDependency;
			target = 44281D661FA4C449002467A5 /* UCLhackTravelFun */;
			targetProxy = 44281D871FA4C449002467A5 /* PBXContainerItemProxy */;
		};
/* End PBXTargetDependency section */

/* Begin PBXVariantGroup section */
		44281D6E1FA4C449002467A5 /* Main.storyboard */ = {
			isa = PBXVariantGroup;
			children = (
				44281D6F1FA4C449002467A5 /* Base */,
			);
			name = Main.storyboard;
			sourceTree = "<group>";
		};
		44281D731FA4C449002467A5 /* LaunchScreen.storyboard */ = {
			isa = PBXVariantGroup;
			children = (
				44281D741FA4C449002467A5 /* Base */,
			);
			name = LaunchScreen.storyboard;
			sourceTree = "<group>";
		};
/* End PBXVariantGroup section */

/* Begin XCBuildConfiguration section */
		44281D8D1FA4C449002467A5 /* Debug */ = {
			isa = XCBuildConfiguration;
			buildSettings = {
				ALWAYS_SEARCH_USER_PATHS = NO;
				CLANG_ANALYZER_NONNULL = YES;
				CLANG_ANALYZER_NUMBER_OBJECT_CONVERSION = YES_AGGRESSIVE;
				CLANG_CXX_LANGUAGE_STANDARD = "gnu++0x";
				CLANG_CXX_LIBRARY = "libc++";
				CLANG_ENABLE_MODULES = YES;
				CLANG_ENABLE_OBJC_ARC = YES;
				CLANG_WARN_BOOL_CONVERSION = YES;
				CLANG_WARN_CONSTANT_CONVERSION = YES;
				CLANG_WARN_DIRECT_OBJC_ISA_USAGE = YES_ERROR;
				CLANG_WARN_DOCUMENTATION_COMMENTS = YES;
				CLANG_WARN_EMPTY_BODY = YES;
				CLANG_WARN_ENUM_CONVERSION = YES;
				CLANG_WARN_INFINITE_RECURSION = YES;
				CLANG_WARN_INT_CONVERSION = YES;
				CLANG_WARN_OBJC_ROOT_CLASS = YES_ERROR;
				CLANG_WARN_SUSPICIOUS_MOVE = YES;
				CLANG_WARN_UNREACHABLE_CODE = YES;
				CLANG_WARN__DUPLICATE_METHOD_MATCH = YES;
				"CODE_SIGN_IDENTITY[sdk=iphoneos*]" = "iPhone Developer";
				COPY_PHASE_STRIP = NO;
				DEBUG_INFORMATION_FORMAT = dwarf;
				ENABLE_STRICT_OBJC_MSGSEND = YES;
				ENABLE_TESTABILITY = YES;
				GCC_C_LANGUAGE_STANDARD = gnu99;
				GCC_DYNAMIC_NO_PIC = NO;
				GCC_NO_COMMON_BLOCKS = YES;
				GCC_OPTIMIZATION_LEVEL = 0;
				GCC_PREPROCESSOR_DEFINITIONS = (
					"DEBUG=1",
					"$(inherited)",
				);
				GCC_WARN_64_TO_32_BIT_CONVERSION = YES;
				GCC_WARN_ABOUT_RETURN_TYPE = YES_ERROR;
				GCC_WARN_UNDECLARED_SELECTOR = YES;
				GCC_WARN_UNINITIALIZED_AUTOS = YES_AGGRESSIVE;
				GCC_WARN_UNUSED_FUNCTION = YES;
				GCC_WARN_UNUSED_VARIABLE = YES;
				IPHONEOS_DEPLOYMENT_TARGET = 10.3;
				MTL_ENABLE_DEBUG_INFO = YES;
				ONLY_ACTIVE_ARCH = YES;
				SDKROOT = iphoneos;
				SWIFT_ACTIVE_COMPILATION_CONDITIONS = DEBUG;
				SWIFT_OPTIMIZATION_LEVEL = "-Onone";
				TARGETED_DEVICE_FAMILY = "1,2";
			};
			name = Debug;
		};
		44281D8E1FA4C449002467A5 /* Release */ = {
			isa = XCBuildConfiguration;
			buildSettings = {
				ALWAYS_SEARCH_USER_PATHS = NO;
				CLANG_ANALYZER_NONNULL = YES;
				CLANG_ANALYZER_NUMBER_OBJECT_CONVERSION = YES_AGGRESSIVE;
				CLANG_CXX_LANGUAGE_STANDARD = "gnu++0x";
				CLANG_CXX_LIBRARY = "libc++";
				CLANG_ENABLE_MODULES = YES;
				CLANG_ENABLE_OBJC_ARC = YES;
				CLANG_WARN_BOOL_CONVERSION = YES;
				CLANG_WARN_CONSTANT_CONVERSION = YES;
				CLANG_WARN_DIRECT_OBJC_ISA_USAGE = YES_ERROR;
				CLANG_WARN_DOCUMENTATION_COMMENTS = YES;
				CLANG_WARN_EMPTY_BODY = YES;
				CLANG_WARN_ENUM_CONVERSION = YES;
				CLANG_WARN_INFINITE_RECURSION = YES;
				CLANG_WARN_INT_CONVERSION = YES;
				CLANG_WARN_OBJC_ROOT_CLASS = YES_ERROR;
				CLANG_WARN_SUSPICIOUS_MOVE = YES;
				CLANG_WARN_UNREACHABLE_CODE = YES;
				CLANG_WARN__DUPLICATE_METHOD_MATCH = YES;
				"CODE_SIGN_IDENTITY[sdk=iphoneos*]" = "iPhone Developer";
				COPY_PHASE_STRIP = NO;
				DEBUG_INFORMATION_FORMAT = "dwarf-with-dsym";
				ENABLE_NS_ASSERTIONS = NO;
				ENABLE_STRICT_OBJC_MSGSEND = YES;
				GCC_C_LANGUAGE_STANDARD = gnu99;
				GCC_NO_COMMON_BLOCKS = YES;
				GCC_WARN_64_TO_32_BIT_CONVERSION = YES;
				GCC_WARN_ABOUT_RETURN_TYPE = YES_ERROR;
				GCC_WARN_UNDECLARED_SELECTOR = YES;
				GCC_WARN_UNINITIALIZED_AUTOS = YES_AGGRESSIVE;
				GCC_WARN_UNUSED_FUNCTION = YES;
				GCC_WARN_UNUSED_VARIABLE = YES;
				IPHONEOS_DEPLOYMENT_TARGET = 10.3;
				MTL_ENABLE_DEBUG_INFO = NO;
				SDKROOT = iphoneos;
				SWIFT_OPTIMIZATION_LEVEL = "-Owholemodule";
				TARGETED_DEVICE_FAMILY = "1,2";
				VALIDATE_PRODUCT = YES;
			};
			name = Release;
		};
		44281D901FA4C449002467A5 /* Debug */ = {
			isa = XCBuildConfiguration;
			baseConfigurationReference = B2F7286CFC75E415533FC6D6 /* Pods-UCLhackTravelFun.debug.xcconfig */;
			buildSettings = {
				ASSETCATALOG_COMPILER_APPICON_NAME = AppIcon;
				DEVELOPMENT_TEAM = JT5HQ7RT7B;
				INFOPLIST_FILE = UCLhackTravelFun/Info.plist;
				LD_RUNPATH_SEARCH_PATHS = "$(inherited) @executable_path/Frameworks";
				PRODUCT_BUNDLE_IDENTIFIER = com.UCLhackTravelFun;
				PRODUCT_NAME = "$(TARGET_NAME)";
				SWIFT_VERSION = 3.0;
			};
			name = Debug;
		};
		44281D911FA4C449002467A5 /* Release */ = {
			isa = XCBuildConfiguration;
			baseConfigurationReference = 5034D8C6F03DB9932253ABC6 /* Pods-UCLhackTravelFun.release.xcconfig */;
			buildSettings = {
				ASSETCATALOG_COMPILER_APPICON_NAME = AppIcon;
				DEVELOPMENT_TEAM = JT5HQ7RT7B;
				INFOPLIST_FILE = UCLhackTravelFun/Info.plist;
				LD_RUNPATH_SEARCH_PATHS = "$(inherited) @executable_path/Frameworks";
				PRODUCT_BUNDLE_IDENTIFIER = com.UCLhackTravelFun;
				PRODUCT_NAME = "$(TARGET_NAME)";
				SWIFT_VERSION = 3.0;
			};
			name = Release;
		};
		44281D931FA4C449002467A5 /* Debug */ = {
			isa = XCBuildConfiguration;
			baseConfigurationReference = EB24420661317187E3530A0F /* Pods-UCLhackTravelFunTests.debug.xcconfig */;
			buildSettings = {
				ALWAYS_EMBED_SWIFT_STANDARD_LIBRARIES = YES;
				BUNDLE_LOADER = "$(TEST_HOST)";
				DEVELOPMENT_TEAM = JT5HQ7RT7B;
				INFOPLIST_FILE = UCLhackTravelFunTests/Info.plist;
				LD_RUNPATH_SEARCH_PATHS = "$(inherited) @executable_path/Frameworks @loader_path/Frameworks";
				PRODUCT_BUNDLE_IDENTIFIER = com.UCLhackTravelFunTests;
				PRODUCT_NAME = "$(TARGET_NAME)";
				SWIFT_VERSION = 3.0;
				TEST_HOST = "$(BUILT_PRODUCTS_DIR)/UCLhackTravelFun.app/UCLhackTravelFun";
			};
			name = Debug;
		};
		44281D941FA4C449002467A5 /* Release */ = {
			isa = XCBuildConfiguration;
			baseConfigurationReference = 9AE070542F95E92E97BEC4BE /* Pods-UCLhackTravelFunTests.release.xcconfig */;
			buildSettings = {
				ALWAYS_EMBED_SWIFT_STANDARD_LIBRARIES = YES;
				BUNDLE_LOADER = "$(TEST_HOST)";
				DEVELOPMENT_TEAM = JT5HQ7RT7B;
				INFOPLIST_FILE = UCLhackTravelFunTests/Info.plist;
				LD_RUNPATH_SEARCH_PATHS = "$(inherited) @executable_path/Frameworks @loader_path/Frameworks";
				PRODUCT_BUNDLE_IDENTIFIER = com.UCLhackTravelFunTests;
				PRODUCT_NAME = "$(TARGET_NAME)";
				SWIFT_VERSION = 3.0;
				TEST_HOST = "$(BUILT_PRODUCTS_DIR)/UCLhackTravelFun.app/UCLhackTravelFun";
			};
			name = Release;
		};
		44281D961FA4C449002467A5 /* Debug */ = {
			isa = XCBuildConfiguration;
			baseConfigurationReference = C57F3DA9E20397715C440532 /* Pods-UCLhackTravelFunUITests.debug.xcconfig */;
			buildSettings = {
				ALWAYS_EMBED_SWIFT_STANDARD_LIBRARIES = YES;
				DEVELOPMENT_TEAM = JT5HQ7RT7B;
				INFOPLIST_FILE = UCLhackTravelFunUITests/Info.plist;
				LD_RUNPATH_SEARCH_PATHS = "$(inherited) @executable_path/Frameworks @loader_path/Frameworks";
				PRODUCT_BUNDLE_IDENTIFIER = com.UCLhackTravelFunUITests;
				PRODUCT_NAME = "$(TARGET_NAME)";
				SWIFT_VERSION = 3.0;
				TEST_TARGET_NAME = UCLhackTravelFun;
			};
			name = Debug;
		};
		44281D971FA4C449002467A5 /* Release */ = {
			isa = XCBuildConfiguration;
			baseConfigurationReference = 0CBE28BE761E952862EC470A /* Pods-UCLhackTravelFunUITests.release.xcconfig */;
			buildSettings = {
				ALWAYS_EMBED_SWIFT_STANDARD_LIBRARIES = YES;
				DEVELOPMENT_TEAM = JT5HQ7RT7B;
				INFOPLIST_FILE = UCLhackTravelFunUITests/Info.plist;
				LD_RUNPATH_SEARCH_PATHS = "$(inherited) @executable_path/Frameworks @loader_path/Frameworks";
				PRODUCT_BUNDLE_IDENTIFIER = com.UCLhackTravelFunUITests;
				PRODUCT_NAME = "$(TARGET_NAME)";
				SWIFT_VERSION = 3.0;
				TEST_TARGET_NAME = UCLhackTravelFun;
			};
			name = Release;
		};
/* End XCBuildConfiguration section */

/* Begin XCConfigurationList section */
		44281D621FA4C449002467A5 /* Build configuration list for PBXProject "UCLhackTravelFun" */ = {
			isa = XCConfigurationList;
			buildConfigurations = (
				44281D8D1FA4C449002467A5 /* Debug */,
				44281D8E1FA4C449002467A5 /* Release */,
			);
			defaultConfigurationIsVisible = 0;
			defaultConfigurationName = Release;
		};
		44281D8F1FA4C449002467A5 /* Build configuration list for PBXNativeTarget "UCLhackTravelFun" */ = {
			isa = XCConfigurationList;
			buildConfigurations = (
				44281D901FA4C449002467A5 /* Debug */,
				44281D911FA4C449002467A5 /* Release */,
			);
			defaultConfigurationIsVisible = 0;
			defaultConfigurationName = Release;
		};
		44281D921FA4C449002467A5 /* Build configuration list for PBXNativeTarget "UCLhackTravelFunTests" */ = {
			isa = XCConfigurationList;
			buildConfigurations = (
				44281D931FA4C449002467A5 /* Debug */,
				44281D941FA4C449002467A5 /* Release */,
			);
			defaultConfigurationIsVisible = 0;
			defaultConfigurationName = Release;
		};
		44281D951FA4C449002467A5 /* Build configuration list for PBXNativeTarget "UCLhackTravelFunUITests" */ = {
			isa = XCConfigurationList;
			buildConfigurations = (
				44281D961FA4C449002467A5 /* Debug */,
				44281D971FA4C449002467A5 /* Release */,
			);
			defaultConfigurationIsVisible = 0;
			defaultConfigurationName = Release;
		};
/* End XCConfigurationList section */
	};
	rootObject = 44281D5F1FA4C449002467A5 /* Project object */;
}
